
Microsoft Visual Studio Solution File, Format Version 12.00
# Visual Studio 15
VisualStudioVersion = 15.0.27004.2009
MinimumVisualStudioVersion = 10.0.40219.1
Project("{FAE04EC0-301F-11D3-BF4B-00C04F79EFBC}") = "LinePlay", "LinePlay\LinePlay.csproj", "{EB07CEC5-EC36-4763-8A0A-4BDB25E29428}"
EndProject
Global
	GlobalSection(SolutionConfigurationPlatforms) = preSolution
		Debug|Any CPU = Debug|Any CPU
		Release|Any CPU = Release|Any CPU
	EndGlobalSection
	GlobalSection(ProjectConfigurationPlatforms) = postSolution
		{EB07CEC5-EC36-4763-8A0A-4BDB25E29428}.Debug|Any CPU.ActiveCfg = Debug|Any CPU
		{EB07CEC5-EC36-4763-8A0A-4BDB25E29428}.Debug|Any CPU.Build.0 = Debug|Any CPU
		{EB07CEC5-EC36-4763-8A0A-4BDB25E29428}.Release|Any CPU.ActiveCfg = Release|Any CPU
		{EB07CEC5-EC36-4763-8A0A-4BDB25E29428}.Release|Any CPU.Build.0 = Release|Any CPU
	EndGlobalSection
	GlobalSection(SolutionProperties) = preSolution
		HideSolutionNode = FALSE
	EndGlobalSection
	GlobalSection(ExtensibilityGlobals) = postSolution
		SolutionGuid = {C3254590-E01F-4521-9A85-82B17CF7C2C5}
	EndGlobalSection
EndGlobal
