
Microsoft Visual Studio Solution File, Format Version 12.00
# Visual Studio 15
VisualStudioVersion = 15.0.27004.2009
MinimumVisualStudioVersion = 10.0.40219.1
Project("{FAE04EC0-301F-11D3-BF4B-00C04F79EFBC}") = "Doubled", "Doubled\Doubled.csproj", "{75A47C2B-6A36-497B-939E-92F5FF42B4E7}"
EndProject
Global
	GlobalSection(SolutionConfigurationPlatforms) = preSolution
		Debug|Any CPU = Debug|Any CPU
		Release|Any CPU = Release|Any CPU
	EndGlobalSection
	GlobalSection(ProjectConfigurationPlatforms) = postSolution
		{75A47C2B-6A36-497B-939E-92F5FF42B4E7}.Debug|Any CPU.ActiveCfg = Debug|Any CPU
		{75A47C2B-6A36-497B-939E-92F5FF42B4E7}.Debug|Any CPU.Build.0 = Debug|Any CPU
		{75A47C2B-6A36-497B-939E-92F5FF42B4E7}.Release|Any CPU.ActiveCfg = Release|Any CPU
		{75A47C2B-6A36-497B-939E-92F5FF42B4E7}.Release|Any CPU.Build.0 = Release|Any CPU
	EndGlobalSection
	GlobalSection(SolutionProperties) = preSolution
		HideSolutionNode = FALSE
	EndGlobalSection
	GlobalSection(ExtensibilityGlobals) = postSolution
		SolutionGuid = {A02B2530-5727-42FF-B846-F1BE73F49B8B}
	EndGlobalSection
EndGlobal
