
Microsoft Visual Studio Solution File, Format Version 12.00
# Visual Studio 15
VisualStudioVersion = 15.0.27004.2009
MinimumVisualStudioVersion = 10.0.40219.1
Project("{FAE04EC0-301F-11D3-BF4B-00C04F79EFBC}") = "Swap", "Swap\Swap.csproj", "{0BA37CB6-F9DB-49C2-A7A5-0E09112E4FF8}"
EndProject
Global
	GlobalSection(SolutionConfigurationPlatforms) = preSolution
		Debug|Any CPU = Debug|Any CPU
		Release|Any CPU = Release|Any CPU
	EndGlobalSection
	GlobalSection(ProjectConfigurationPlatforms) = postSolution
		{0BA37CB6-F9DB-49C2-A7A5-0E09112E4FF8}.Debug|Any CPU.ActiveCfg = Debug|Any CPU
		{0BA37CB6-F9DB-49C2-A7A5-0E09112E4FF8}.Debug|Any CPU.Build.0 = Debug|Any CPU
		{0BA37CB6-F9DB-49C2-A7A5-0E09112E4FF8}.Release|Any CPU.ActiveCfg = Release|Any CPU
		{0BA37CB6-F9DB-49C2-A7A5-0E09112E4FF8}.Release|Any CPU.Build.0 = Release|Any CPU
	EndGlobalSection
	GlobalSection(SolutionProperties) = preSolution
		HideSolutionNode = FALSE
	EndGlobalSection
	GlobalSection(ExtensibilityGlobals) = postSolution
		SolutionGuid = {0D162F0B-5427-4B18-8FB7-B41B38841D16}
	EndGlobalSection
EndGlobal
