
Microsoft Visual Studio Solution File, Format Version 12.00
# Visual Studio 15
VisualStudioVersion = 15.0.27004.2009
MinimumVisualStudioVersion = 10.0.40219.1
Project("{FAE04EC0-301F-11D3-BF4B-00C04F79EFBC}") = "HorizontalLines", "HorizontalLines\HorizontalLines.csproj", "{02B04A20-C8CA-45C9-9EE0-CE625714ACE7}"
EndProject
Global
	GlobalSection(SolutionConfigurationPlatforms) = preSolution
		Debug|Any CPU = Debug|Any CPU
		Release|Any CPU = Release|Any CPU
	EndGlobalSection
	GlobalSection(ProjectConfigurationPlatforms) = postSolution
		{02B04A20-C8CA-45C9-9EE0-CE625714ACE7}.Debug|Any CPU.ActiveCfg = Debug|Any CPU
		{02B04A20-C8CA-45C9-9EE0-CE625714ACE7}.Debug|Any CPU.Build.0 = Debug|Any CPU
		{02B04A20-C8CA-45C9-9EE0-CE625714ACE7}.Release|Any CPU.ActiveCfg = Release|Any CPU
		{02B04A20-C8CA-45C9-9EE0-CE625714ACE7}.Release|Any CPU.Build.0 = Release|Any CPU
	EndGlobalSection
	GlobalSection(SolutionProperties) = preSolution
		HideSolutionNode = FALSE
	EndGlobalSection
	GlobalSection(ExtensibilityGlobals) = postSolution
		SolutionGuid = {0D414156-A338-41C4-86A2-E5EC79A0D4F4}
	EndGlobalSection
EndGlobal
