
Microsoft Visual Studio Solution File, Format Version 12.00
# Visual Studio 15
VisualStudioVersion = 15.0.27004.2009
MinimumVisualStudioVersion = 10.0.40219.1
Project("{FAE04EC0-301F-11D3-BF4B-00C04F79EFBC}") = "Sum", "Sum\Sum.csproj", "{C7104C37-BB39-4100-BD17-A8EC7813AA3A}"
EndProject
Project("{FAE04EC0-301F-11D3-BF4B-00C04F79EFBC}") = "UnitTestProject", "UnitTestProject\UnitTestProject.csproj", "{F8C3BCA9-B47C-4170-9796-F6559D3AFBE2}"
EndProject
Global
	GlobalSection(SolutionConfigurationPlatforms) = preSolution
		Debug|Any CPU = Debug|Any CPU
		Release|Any CPU = Release|Any CPU
	EndGlobalSection
	GlobalSection(ProjectConfigurationPlatforms) = postSolution
		{C7104C37-BB39-4100-BD17-A8EC7813AA3A}.Debug|Any CPU.ActiveCfg = Debug|Any CPU
		{C7104C37-BB39-4100-BD17-A8EC7813AA3A}.Debug|Any CPU.Build.0 = Debug|Any CPU
		{C7104C37-BB39-4100-BD17-A8EC7813AA3A}.Release|Any CPU.ActiveCfg = Release|Any CPU
		{C7104C37-BB39-4100-BD17-A8EC7813AA3A}.Release|Any CPU.Build.0 = Release|Any CPU
		{F8C3BCA9-B47C-4170-9796-F6559D3AFBE2}.Debug|Any CPU.ActiveCfg = Debug|Any CPU
		{F8C3BCA9-B47C-4170-9796-F6559D3AFBE2}.Debug|Any CPU.Build.0 = Debug|Any CPU
		{F8C3BCA9-B47C-4170-9796-F6559D3AFBE2}.Release|Any CPU.ActiveCfg = Release|Any CPU
		{F8C3BCA9-B47C-4170-9796-F6559D3AFBE2}.Release|Any CPU.Build.0 = Release|Any CPU
	EndGlobalSection
	GlobalSection(SolutionProperties) = preSolution
		HideSolutionNode = FALSE
	EndGlobalSection
	GlobalSection(ExtensibilityGlobals) = postSolution
		SolutionGuid = {175887B3-1764-4956-B1E3-6615A576DC46}
	EndGlobalSection
EndGlobal
