
Microsoft Visual Studio Solution File, Format Version 12.00
# Visual Studio 15
VisualStudioVersion = 15.0.27004.2009
MinimumVisualStudioVersion = 10.0.40219.1
Project("{FAE04EC0-301F-11D3-BF4B-00C04F79EFBC}") = "Third", "Third\Third.csproj", "{B24E0E23-7898-486C-938F-1C3C7F8C23F9}"
EndProject
Global
	GlobalSection(SolutionConfigurationPlatforms) = preSolution
		Debug|Any CPU = Debug|Any CPU
		Release|Any CPU = Release|Any CPU
	EndGlobalSection
	GlobalSection(ProjectConfigurationPlatforms) = postSolution
		{B24E0E23-7898-486C-938F-1C3C7F8C23F9}.Debug|Any CPU.ActiveCfg = Debug|Any CPU
		{B24E0E23-7898-486C-938F-1C3C7F8C23F9}.Debug|Any CPU.Build.0 = Debug|Any CPU
		{B24E0E23-7898-486C-938F-1C3C7F8C23F9}.Release|Any CPU.ActiveCfg = Release|Any CPU
		{B24E0E23-7898-486C-938F-1C3C7F8C23F9}.Release|Any CPU.Build.0 = Release|Any CPU
	EndGlobalSection
	GlobalSection(SolutionProperties) = preSolution
		HideSolutionNode = FALSE
	EndGlobalSection
	GlobalSection(ExtensibilityGlobals) = postSolution
		SolutionGuid = {1B1F4373-5302-41ED-A88A-BD0C0B69197B}
	EndGlobalSection
EndGlobal
