
Microsoft Visual Studio Solution File, Format Version 12.00
# Visual Studio 15
VisualStudioVersion = 15.0.27004.2009
MinimumVisualStudioVersion = 10.0.40219.1
Project("{FAE04EC0-301F-11D3-BF4B-00C04F79EFBC}") = "TakesLonger", "TakesLonger\TakesLonger.csproj", "{CCA2C0E9-CC93-4A17-844C-A10C7C0E3930}"
EndProject
Global
	GlobalSection(SolutionConfigurationPlatforms) = preSolution
		Debug|Any CPU = Debug|Any CPU
		Release|Any CPU = Release|Any CPU
	EndGlobalSection
	GlobalSection(ProjectConfigurationPlatforms) = postSolution
		{CCA2C0E9-CC93-4A17-844C-A10C7C0E3930}.Debug|Any CPU.ActiveCfg = Debug|Any CPU
		{CCA2C0E9-CC93-4A17-844C-A10C7C0E3930}.Debug|Any CPU.Build.0 = Debug|Any CPU
		{CCA2C0E9-CC93-4A17-844C-A10C7C0E3930}.Release|Any CPU.ActiveCfg = Release|Any CPU
		{CCA2C0E9-CC93-4A17-844C-A10C7C0E3930}.Release|Any CPU.Build.0 = Release|Any CPU
	EndGlobalSection
	GlobalSection(SolutionProperties) = preSolution
		HideSolutionNode = FALSE
	EndGlobalSection
	GlobalSection(ExtensibilityGlobals) = postSolution
		SolutionGuid = {0491788F-C735-4999-9DE6-1D6D7DB9E4F7}
	EndGlobalSection
EndGlobal
