
Microsoft Visual Studio Solution File, Format Version 12.00
# Visual Studio 15
VisualStudioVersion = 15.0.27004.2009
MinimumVisualStudioVersion = 10.0.40219.1
Project("{FAE04EC0-301F-11D3-BF4B-00C04F79EFBC}") = "PurpleSteps3D", "PurpleSteps3D\PurpleSteps3D.csproj", "{BBA21DB7-CCC6-4B6F-B762-87D13B778973}"
EndProject
Global
	GlobalSection(SolutionConfigurationPlatforms) = preSolution
		Debug|Any CPU = Debug|Any CPU
		Release|Any CPU = Release|Any CPU
	EndGlobalSection
	GlobalSection(ProjectConfigurationPlatforms) = postSolution
		{BBA21DB7-CCC6-4B6F-B762-87D13B778973}.Debug|Any CPU.ActiveCfg = Debug|Any CPU
		{BBA21DB7-CCC6-4B6F-B762-87D13B778973}.Debug|Any CPU.Build.0 = Debug|Any CPU
		{BBA21DB7-CCC6-4B6F-B762-87D13B778973}.Release|Any CPU.ActiveCfg = Release|Any CPU
		{BBA21DB7-CCC6-4B6F-B762-87D13B778973}.Release|Any CPU.Build.0 = Release|Any CPU
	EndGlobalSection
	GlobalSection(SolutionProperties) = preSolution
		HideSolutionNode = FALSE
	EndGlobalSection
	GlobalSection(ExtensibilityGlobals) = postSolution
		SolutionGuid = {74A18301-E602-4E85-A9DB-87A06B73D47C}
	EndGlobalSection
EndGlobal
