
Microsoft Visual Studio Solution File, Format Version 12.00
# Visual Studio 15
VisualStudioVersion = 15.0.27004.2009
MinimumVisualStudioVersion = 10.0.40219.1
Project("{FAE04EC0-301F-11D3-BF4B-00C04F79EFBC}") = "FunctionToCenter", "FunctionToCenter\FunctionToCenter.csproj", "{CEFF33DF-3B5D-4303-8DEC-AD242D65BE41}"
EndProject
Global
	GlobalSection(SolutionConfigurationPlatforms) = preSolution
		Debug|Any CPU = Debug|Any CPU
		Release|Any CPU = Release|Any CPU
	EndGlobalSection
	GlobalSection(ProjectConfigurationPlatforms) = postSolution
		{CEFF33DF-3B5D-4303-8DEC-AD242D65BE41}.Debug|Any CPU.ActiveCfg = Debug|Any CPU
		{CEFF33DF-3B5D-4303-8DEC-AD242D65BE41}.Debug|Any CPU.Build.0 = Debug|Any CPU
		{CEFF33DF-3B5D-4303-8DEC-AD242D65BE41}.Release|Any CPU.ActiveCfg = Release|Any CPU
		{CEFF33DF-3B5D-4303-8DEC-AD242D65BE41}.Release|Any CPU.Build.0 = Release|Any CPU
	EndGlobalSection
	GlobalSection(SolutionProperties) = preSolution
		HideSolutionNode = FALSE
	EndGlobalSection
	GlobalSection(ExtensibilityGlobals) = postSolution
		SolutionGuid = {F57CEE7D-3078-40A1-9BFD-9EC65DA05FD0}
	EndGlobalSection
EndGlobal
