
Microsoft Visual Studio Solution File, Format Version 12.00
# Visual Studio 15
VisualStudioVersion = 15.0.27004.2009
MinimumVisualStudioVersion = 10.0.40219.1
Project("{FAE04EC0-301F-11D3-BF4B-00C04F79EFBC}") = "RedditClone", "RedditClone\RedditClone.csproj", "{B499C027-51A2-49EA-97A4-5CB702D2013E}"
EndProject
Global
	GlobalSection(SolutionConfigurationPlatforms) = preSolution
		Debug|Any CPU = Debug|Any CPU
		Release|Any CPU = Release|Any CPU
	EndGlobalSection
	GlobalSection(ProjectConfigurationPlatforms) = postSolution
		{B499C027-51A2-49EA-97A4-5CB702D2013E}.Debug|Any CPU.ActiveCfg = Debug|Any CPU
		{B499C027-51A2-49EA-97A4-5CB702D2013E}.Debug|Any CPU.Build.0 = Debug|Any CPU
		{B499C027-51A2-49EA-97A4-5CB702D2013E}.Release|Any CPU.ActiveCfg = Release|Any CPU
		{B499C027-51A2-49EA-97A4-5CB702D2013E}.Release|Any CPU.Build.0 = Release|Any CPU
	EndGlobalSection
	GlobalSection(SolutionProperties) = preSolution
		HideSolutionNode = FALSE
	EndGlobalSection
	GlobalSection(ExtensibilityGlobals) = postSolution
		SolutionGuid = {C62912E8-9DCB-436E-A56F-4B93C9AE6DBC}
	EndGlobalSection
EndGlobal
