
Microsoft Visual Studio Solution File, Format Version 12.00
# Visual Studio 15
VisualStudioVersion = 15.0.27004.2009
MinimumVisualStudioVersion = 10.0.40219.1
Project("{FAE04EC0-301F-11D3-BF4B-00C04F79EFBC}") = "Unique", "Unique\Unique.csproj", "{46D99E7D-6BA2-4978-87E9-1922E29C612A}"
EndProject
Global
	GlobalSection(SolutionConfigurationPlatforms) = preSolution
		Debug|Any CPU = Debug|Any CPU
		Release|Any CPU = Release|Any CPU
	EndGlobalSection
	GlobalSection(ProjectConfigurationPlatforms) = postSolution
		{46D99E7D-6BA2-4978-87E9-1922E29C612A}.Debug|Any CPU.ActiveCfg = Debug|Any CPU
		{46D99E7D-6BA2-4978-87E9-1922E29C612A}.Debug|Any CPU.Build.0 = Debug|Any CPU
		{46D99E7D-6BA2-4978-87E9-1922E29C612A}.Release|Any CPU.ActiveCfg = Release|Any CPU
		{46D99E7D-6BA2-4978-87E9-1922E29C612A}.Release|Any CPU.Build.0 = Release|Any CPU
	EndGlobalSection
	GlobalSection(SolutionProperties) = preSolution
		HideSolutionNode = FALSE
	EndGlobalSection
	GlobalSection(ExtensibilityGlobals) = postSolution
		SolutionGuid = {49A5A066-E0E6-4FCA-A831-808FAA082DD7}
	EndGlobalSection
EndGlobal
