
Microsoft Visual Studio Solution File, Format Version 12.00
# Visual Studio 15
VisualStudioVersion = 15.0.27004.2009
MinimumVisualStudioVersion = 10.0.40219.1
Project("{FAE04EC0-301F-11D3-BF4B-00C04F79EFBC}") = "Reverse", "Reverse\Reverse.csproj", "{35771E90-BA05-4A18-81E6-1EF4DD6FF121}"
EndProject
Global
	GlobalSection(SolutionConfigurationPlatforms) = preSolution
		Debug|Any CPU = Debug|Any CPU
		Release|Any CPU = Release|Any CPU
	EndGlobalSection
	GlobalSection(ProjectConfigurationPlatforms) = postSolution
		{35771E90-BA05-4A18-81E6-1EF4DD6FF121}.Debug|Any CPU.ActiveCfg = Debug|Any CPU
		{35771E90-BA05-4A18-81E6-1EF4DD6FF121}.Debug|Any CPU.Build.0 = Debug|Any CPU
		{35771E90-BA05-4A18-81E6-1EF4DD6FF121}.Release|Any CPU.ActiveCfg = Release|Any CPU
		{35771E90-BA05-4A18-81E6-1EF4DD6FF121}.Release|Any CPU.Build.0 = Release|Any CPU
	EndGlobalSection
	GlobalSection(SolutionProperties) = preSolution
		HideSolutionNode = FALSE
	EndGlobalSection
	GlobalSection(ExtensibilityGlobals) = postSolution
		SolutionGuid = {5662CA7C-211F-423B-9956-75778924E6B1}
	EndGlobalSection
EndGlobal
