
Microsoft Visual Studio Solution File, Format Version 12.00
# Visual Studio 15
VisualStudioVersion = 15.0.27004.2009
MinimumVisualStudioVersion = 10.0.40219.1
Project("{FAE04EC0-301F-11D3-BF4B-00C04F79EFBC}") = "HelloUser", "HelloUser\HelloUser.csproj", "{CBE81C47-1EBB-43B1-A78B-38FAC5A74C13}"
EndProject
Global
	GlobalSection(SolutionConfigurationPlatforms) = preSolution
		Debug|Any CPU = Debug|Any CPU
		Release|Any CPU = Release|Any CPU
	EndGlobalSection
	GlobalSection(ProjectConfigurationPlatforms) = postSolution
		{CBE81C47-1EBB-43B1-A78B-38FAC5A74C13}.Debug|Any CPU.ActiveCfg = Debug|Any CPU
		{CBE81C47-1EBB-43B1-A78B-38FAC5A74C13}.Debug|Any CPU.Build.0 = Debug|Any CPU
		{CBE81C47-1EBB-43B1-A78B-38FAC5A74C13}.Release|Any CPU.ActiveCfg = Release|Any CPU
		{CBE81C47-1EBB-43B1-A78B-38FAC5A74C13}.Release|Any CPU.Build.0 = Release|Any CPU
	EndGlobalSection
	GlobalSection(SolutionProperties) = preSolution
		HideSolutionNode = FALSE
	EndGlobalSection
	GlobalSection(ExtensibilityGlobals) = postSolution
		SolutionGuid = {FCAE22B8-AB46-4BA1-B470-610ED471921D}
	EndGlobalSection
EndGlobal
