
Microsoft Visual Studio Solution File, Format Version 12.00
# Visual Studio 15
VisualStudioVersion = 15.0.27004.2009
MinimumVisualStudioVersion = 10.0.40219.1
Project("{FAE04EC0-301F-11D3-BF4B-00C04F79EFBC}") = "Exercise1", "Exercise1\Exercise1.csproj", "{3D02E893-881D-481A-8708-2E22B00E14D9}"
EndProject
Project("{FAE04EC0-301F-11D3-BF4B-00C04F79EFBC}") = "Excercise2", "Excercise2\Excercise2.csproj", "{E139BE73-E9BA-4005-BB60-F4B410F553D6}"
EndProject
Project("{FAE04EC0-301F-11D3-BF4B-00C04F79EFBC}") = "Excercise3", "Excercise3\Excercise3.csproj", "{57F127E4-81E6-4ED5-9F9F-2BBBB7F274E5}"
EndProject
Project("{FAE04EC0-301F-11D3-BF4B-00C04F79EFBC}") = "Excercise4", "Excercise4\Excercise4.csproj", "{779DF07C-25F4-4530-AEB6-16EB1A827970}"
EndProject
Project("{FAE04EC0-301F-11D3-BF4B-00C04F79EFBC}") = "Excercise5", "Excercise5\Excercise5.csproj", "{149FA709-D0DE-4AAF-BDE4-EE242F7DBB38}"
EndProject
Project("{FAE04EC0-301F-11D3-BF4B-00C04F79EFBC}") = "Excercise6", "Excercise6\Excercise6.csproj", "{CCF8FE04-8F1B-4A1F-84EA-872C78C32853}"
EndProject
Project("{FAE04EC0-301F-11D3-BF4B-00C04F79EFBC}") = "Excercise7", "Excercise7\Excercise7.csproj", "{1CB82107-7DD9-422F-8906-891D6B39DA36}"
EndProject
Project("{FAE04EC0-301F-11D3-BF4B-00C04F79EFBC}") = "Excercise8", "Excercise8\Excercise8.csproj", "{ACA5857F-E730-4B35-ACE3-C65291CF1A26}"
EndProject
Project("{FAE04EC0-301F-11D3-BF4B-00C04F79EFBC}") = "Excercise9", "Excercise9\Excercise9.csproj", "{FA1E12C2-F6BC-4728-9364-24F9ECC05054}"
EndProject
Project("{FAE04EC0-301F-11D3-BF4B-00C04F79EFBC}") = "Excercise10", "Excercise10\Excercise10.csproj", "{03FF6D57-848F-4489-8F4F-2C54B50B7DCF}"
EndProject
Global
	GlobalSection(SolutionConfigurationPlatforms) = preSolution
		Debug|Any CPU = Debug|Any CPU
		Release|Any CPU = Release|Any CPU
	EndGlobalSection
	GlobalSection(ProjectConfigurationPlatforms) = postSolution
		{3D02E893-881D-481A-8708-2E22B00E14D9}.Debug|Any CPU.ActiveCfg = Debug|Any CPU
		{3D02E893-881D-481A-8708-2E22B00E14D9}.Debug|Any CPU.Build.0 = Debug|Any CPU
		{3D02E893-881D-481A-8708-2E22B00E14D9}.Release|Any CPU.ActiveCfg = Release|Any CPU
		{3D02E893-881D-481A-8708-2E22B00E14D9}.Release|Any CPU.Build.0 = Release|Any CPU
		{E139BE73-E9BA-4005-BB60-F4B410F553D6}.Debug|Any CPU.ActiveCfg = Debug|Any CPU
		{E139BE73-E9BA-4005-BB60-F4B410F553D6}.Debug|Any CPU.Build.0 = Debug|Any CPU
		{E139BE73-E9BA-4005-BB60-F4B410F553D6}.Release|Any CPU.ActiveCfg = Release|Any CPU
		{E139BE73-E9BA-4005-BB60-F4B410F553D6}.Release|Any CPU.Build.0 = Release|Any CPU
		{57F127E4-81E6-4ED5-9F9F-2BBBB7F274E5}.Debug|Any CPU.ActiveCfg = Debug|Any CPU
		{57F127E4-81E6-4ED5-9F9F-2BBBB7F274E5}.Debug|Any CPU.Build.0 = Debug|Any CPU
		{57F127E4-81E6-4ED5-9F9F-2BBBB7F274E5}.Release|Any CPU.ActiveCfg = Release|Any CPU
		{57F127E4-81E6-4ED5-9F9F-2BBBB7F274E5}.Release|Any CPU.Build.0 = Release|Any CPU
		{779DF07C-25F4-4530-AEB6-16EB1A827970}.Debug|Any CPU.ActiveCfg = Debug|Any CPU
		{779DF07C-25F4-4530-AEB6-16EB1A827970}.Debug|Any CPU.Build.0 = Debug|Any CPU
		{779DF07C-25F4-4530-AEB6-16EB1A827970}.Release|Any CPU.ActiveCfg = Release|Any CPU
		{779DF07C-25F4-4530-AEB6-16EB1A827970}.Release|Any CPU.Build.0 = Release|Any CPU
		{149FA709-D0DE-4AAF-BDE4-EE242F7DBB38}.Debug|Any CPU.ActiveCfg = Debug|Any CPU
		{149FA709-D0DE-4AAF-BDE4-EE242F7DBB38}.Debug|Any CPU.Build.0 = Debug|Any CPU
		{149FA709-D0DE-4AAF-BDE4-EE242F7DBB38}.Release|Any CPU.ActiveCfg = Release|Any CPU
		{149FA709-D0DE-4AAF-BDE4-EE242F7DBB38}.Release|Any CPU.Build.0 = Release|Any CPU
		{CCF8FE04-8F1B-4A1F-84EA-872C78C32853}.Debug|Any CPU.ActiveCfg = Debug|Any CPU
		{CCF8FE04-8F1B-4A1F-84EA-872C78C32853}.Debug|Any CPU.Build.0 = Debug|Any CPU
		{CCF8FE04-8F1B-4A1F-84EA-872C78C32853}.Release|Any CPU.ActiveCfg = Release|Any CPU
		{CCF8FE04-8F1B-4A1F-84EA-872C78C32853}.Release|Any CPU.Build.0 = Release|Any CPU
		{1CB82107-7DD9-422F-8906-891D6B39DA36}.Debug|Any CPU.ActiveCfg = Debug|Any CPU
		{1CB82107-7DD9-422F-8906-891D6B39DA36}.Debug|Any CPU.Build.0 = Debug|Any CPU
		{1CB82107-7DD9-422F-8906-891D6B39DA36}.Release|Any CPU.ActiveCfg = Release|Any CPU
		{1CB82107-7DD9-422F-8906-891D6B39DA36}.Release|Any CPU.Build.0 = Release|Any CPU
		{ACA5857F-E730-4B35-ACE3-C65291CF1A26}.Debug|Any CPU.ActiveCfg = Debug|Any CPU
		{ACA5857F-E730-4B35-ACE3-C65291CF1A26}.Debug|Any CPU.Build.0 = Debug|Any CPU
		{ACA5857F-E730-4B35-ACE3-C65291CF1A26}.Release|Any CPU.ActiveCfg = Release|Any CPU
		{ACA5857F-E730-4B35-ACE3-C65291CF1A26}.Release|Any CPU.Build.0 = Release|Any CPU
		{FA1E12C2-F6BC-4728-9364-24F9ECC05054}.Debug|Any CPU.ActiveCfg = Debug|Any CPU
		{FA1E12C2-F6BC-4728-9364-24F9ECC05054}.Debug|Any CPU.Build.0 = Debug|Any CPU
		{FA1E12C2-F6BC-4728-9364-24F9ECC05054}.Release|Any CPU.ActiveCfg = Release|Any CPU
		{FA1E12C2-F6BC-4728-9364-24F9ECC05054}.Release|Any CPU.Build.0 = Release|Any CPU
		{03FF6D57-848F-4489-8F4F-2C54B50B7DCF}.Debug|Any CPU.ActiveCfg = Debug|Any CPU
		{03FF6D57-848F-4489-8F4F-2C54B50B7DCF}.Debug|Any CPU.Build.0 = Debug|Any CPU
		{03FF6D57-848F-4489-8F4F-2C54B50B7DCF}.Release|Any CPU.ActiveCfg = Release|Any CPU
		{03FF6D57-848F-4489-8F4F-2C54B50B7DCF}.Release|Any CPU.Build.0 = Release|Any CPU
	EndGlobalSection
	GlobalSection(SolutionProperties) = preSolution
		HideSolutionNode = FALSE
	EndGlobalSection
	GlobalSection(ExtensibilityGlobals) = postSolution
		SolutionGuid = {FAD1CD29-4A82-46F7-BB1E-E170295D8DCC}
	EndGlobalSection
EndGlobal
