
Microsoft Visual Studio Solution File, Format Version 12.00
# Visual Studio 15
VisualStudioVersion = 15.0.27004.2009
MinimumVisualStudioVersion = 10.0.40219.1
Project("{FAE04EC0-301F-11D3-BF4B-00C04F79EFBC}") = "EnvelopeStar", "EnvelopeStar\EnvelopeStar.csproj", "{A2075A5B-143F-49EE-A6C2-BD3150870073}"
EndProject
Global
	GlobalSection(SolutionConfigurationPlatforms) = preSolution
		Debug|Any CPU = Debug|Any CPU
		Release|Any CPU = Release|Any CPU
	EndGlobalSection
	GlobalSection(ProjectConfigurationPlatforms) = postSolution
		{A2075A5B-143F-49EE-A6C2-BD3150870073}.Debug|Any CPU.ActiveCfg = Debug|Any CPU
		{A2075A5B-143F-49EE-A6C2-BD3150870073}.Debug|Any CPU.Build.0 = Debug|Any CPU
		{A2075A5B-143F-49EE-A6C2-BD3150870073}.Release|Any CPU.ActiveCfg = Release|Any CPU
		{A2075A5B-143F-49EE-A6C2-BD3150870073}.Release|Any CPU.Build.0 = Release|Any CPU
	EndGlobalSection
	GlobalSection(SolutionProperties) = preSolution
		HideSolutionNode = FALSE
	EndGlobalSection
	GlobalSection(ExtensibilityGlobals) = postSolution
		SolutionGuid = {C4BC4C3A-A822-45EF-AABD-61F20BD41FA0}
	EndGlobalSection
EndGlobal
